// !$*UTF8*$!
{
	archiveVersion = 1;
	classes = {
	};
	objectVersion = 55;
	objects = {

/* Begin PBXBuildFile section */
		33FA87C23A916990653EDBCE /* Pods_Food_Track_Food_TrackUITests.framework in Frameworks */ = {isa = PBXBuildFile; fileRef = 7C01F6C9C55FC807621A8325 /* Pods_Food_Track_Food_TrackUITests.framework */; };
		4A747E1827F258EC00AA0495 /* AppDelegate.swift in Sources */ = {isa = PBXBuildFile; fileRef = 4A747E1727F258EC00AA0495 /* AppDelegate.swift */; };
		4A747E1A27F258EC00AA0495 /* SceneDelegate.swift in Sources */ = {isa = PBXBuildFile; fileRef = 4A747E1927F258EC00AA0495 /* SceneDelegate.swift */; };
		4A747E1F27F258EC00AA0495 /* Main.storyboard in Resources */ = {isa = PBXBuildFile; fileRef = 4A747E1D27F258EC00AA0495 /* Main.storyboard */; };
		4A747E2127F258EE00AA0495 /* Assets.xcassets in Resources */ = {isa = PBXBuildFile; fileRef = 4A747E2027F258EE00AA0495 /* Assets.xcassets */; };
		4A747E2427F258EE00AA0495 /* LaunchScreen.storyboard in Resources */ = {isa = PBXBuildFile; fileRef = 4A747E2227F258EE00AA0495 /* LaunchScreen.storyboard */; };
		4A747E2F27F258EF00AA0495 /* Food_TrackTests.swift in Sources */ = {isa = PBXBuildFile; fileRef = 4A747E2E27F258EF00AA0495 /* Food_TrackTests.swift */; };
		4A747E3927F258EF00AA0495 /* Food_TrackUITests.swift in Sources */ = {isa = PBXBuildFile; fileRef = 4A747E3827F258EF00AA0495 /* Food_TrackUITests.swift */; };
		4A747E3B27F258EF00AA0495 /* Food_TrackUITestsLaunchTests.swift in Sources */ = {isa = PBXBuildFile; fileRef = 4A747E3A27F258EF00AA0495 /* Food_TrackUITestsLaunchTests.swift */; };
		4AE65AEC280D497100709D7F /* ProfileViewController.swift in Sources */ = {isa = PBXBuildFile; fileRef = 4AE65AEB280D497100709D7F /* ProfileViewController.swift */; };
		5F15925F280D066E00AA0040 /* AddTruckViewController.swift in Sources */ = {isa = PBXBuildFile; fileRef = 5F15925E280D066E00AA0040 /* AddTruckViewController.swift */; };
		5F4D77A7281745C2003C1A5A /* TruckFeedViewController.swift in Sources */ = {isa = PBXBuildFile; fileRef = 5F4D77A6281745C2003C1A5A /* TruckFeedViewController.swift */; };
		5F4D77A92817461A003C1A5A /* truckPostCell.swift in Sources */ = {isa = PBXBuildFile; fileRef = 5F4D77A82817461A003C1A5A /* truckPostCell.swift */; };
		5F843B5327F3BA9F0002EA2B /* LoginViewController.swift in Sources */ = {isa = PBXBuildFile; fileRef = 5F843B5227F3BA9F0002EA2B /* LoginViewController.swift */; };
		5F843B5527F3BD0A0002EA2B /* SignUpViewController.swift in Sources */ = {isa = PBXBuildFile; fileRef = 5F843B5427F3BD0A0002EA2B /* SignUpViewController.swift */; };
		AF0F4C95FE5C8AF4A3CBEC20 /* Pods_Food_Track.framework in Frameworks */ = {isa = PBXBuildFile; fileRef = 7139354DEC85EEB4EFF61C4F /* Pods_Food_Track.framework */; };
		CEA667300D8E2724521F4037 /* Pods_Food_TrackTests.framework in Frameworks */ = {isa = PBXBuildFile; fileRef = 2D49C89644DFB0D6F779BE79 /* Pods_Food_TrackTests.framework */; };
/* End PBXBuildFile section */

/* Begin PBXContainerItemProxy section */
		4A747E2B27F258EF00AA0495 /* PBXContainerItemProxy */ = {
			isa = PBXContainerItemProxy;
			containerPortal = 4A747E0C27F258EC00AA0495 /* Project object */;
			proxyType = 1;
			remoteGlobalIDString = 4A747E1327F258EC00AA0495;
			remoteInfo = "Food Track";
		};
		4A747E3527F258EF00AA0495 /* PBXContainerItemProxy */ = {
			isa = PBXContainerItemProxy;
			containerPortal = 4A747E0C27F258EC00AA0495 /* Project object */;
			proxyType = 1;
			remoteGlobalIDString = 4A747E1327F258EC00AA0495;
			remoteInfo = "Food Track";
		};
/* End PBXContainerItemProxy section */

/* Begin PBXFileReference section */
		2D49C89644DFB0D6F779BE79 /* Pods_Food_TrackTests.framework */ = {isa = PBXFileReference; explicitFileType = wrapper.framework; includeInIndex = 0; path = Pods_Food_TrackTests.framework; sourceTree = BUILT_PRODUCTS_DIR; };
		3206EA5270A02D501CBEA78E /* Pods-Food Track-Food TrackUITests.release.xcconfig */ = {isa = PBXFileReference; includeInIndex = 1; lastKnownFileType = text.xcconfig; name = "Pods-Food Track-Food TrackUITests.release.xcconfig"; path = "Target Support Files/Pods-Food Track-Food TrackUITests/Pods-Food Track-Food TrackUITests.release.xcconfig"; sourceTree = "<group>"; };
		4A747E1427F258EC00AA0495 /* Food Track.app */ = {isa = PBXFileReference; explicitFileType = wrapper.application; includeInIndex = 0; path = "Food Track.app"; sourceTree = BUILT_PRODUCTS_DIR; };
		4A747E1727F258EC00AA0495 /* AppDelegate.swift */ = {isa = PBXFileReference; lastKnownFileType = sourcecode.swift; path = AppDelegate.swift; sourceTree = "<group>"; };
		4A747E1927F258EC00AA0495 /* SceneDelegate.swift */ = {isa = PBXFileReference; lastKnownFileType = sourcecode.swift; path = SceneDelegate.swift; sourceTree = "<group>"; };
		4A747E1E27F258EC00AA0495 /* Base */ = {isa = PBXFileReference; lastKnownFileType = file.storyboard; name = Base; path = Base.lproj/Main.storyboard; sourceTree = "<group>"; };
		4A747E2027F258EE00AA0495 /* Assets.xcassets */ = {isa = PBXFileReference; lastKnownFileType = folder.assetcatalog; path = Assets.xcassets; sourceTree = "<group>"; };
		4A747E2327F258EE00AA0495 /* Base */ = {isa = PBXFileReference; lastKnownFileType = file.storyboard; name = Base; path = Base.lproj/LaunchScreen.storyboard; sourceTree = "<group>"; };
		4A747E2527F258EE00AA0495 /* Info.plist */ = {isa = PBXFileReference; lastKnownFileType = text.plist.xml; path = Info.plist; sourceTree = "<group>"; };
		4A747E2A27F258EF00AA0495 /* Food TrackTests.xctest */ = {isa = PBXFileReference; explicitFileType = wrapper.cfbundle; includeInIndex = 0; path = "Food TrackTests.xctest"; sourceTree = BUILT_PRODUCTS_DIR; };
		4A747E2E27F258EF00AA0495 /* Food_TrackTests.swift */ = {isa = PBXFileReference; lastKnownFileType = sourcecode.swift; path = Food_TrackTests.swift; sourceTree = "<group>"; };
		4A747E3427F258EF00AA0495 /* Food TrackUITests.xctest */ = {isa = PBXFileReference; explicitFileType = wrapper.cfbundle; includeInIndex = 0; path = "Food TrackUITests.xctest"; sourceTree = BUILT_PRODUCTS_DIR; };
		4A747E3827F258EF00AA0495 /* Food_TrackUITests.swift */ = {isa = PBXFileReference; lastKnownFileType = sourcecode.swift; path = Food_TrackUITests.swift; sourceTree = "<group>"; };
		4A747E3A27F258EF00AA0495 /* Food_TrackUITestsLaunchTests.swift */ = {isa = PBXFileReference; lastKnownFileType = sourcecode.swift; path = Food_TrackUITestsLaunchTests.swift; sourceTree = "<group>"; };
		4AE65AEB280D497100709D7F /* ProfileViewController.swift */ = {isa = PBXFileReference; lastKnownFileType = sourcecode.swift; path = ProfileViewController.swift; sourceTree = "<group>"; };
		5A90512F3FA48BEA4B5416A3 /* Pods-Food TrackTests.release.xcconfig */ = {isa = PBXFileReference; includeInIndex = 1; lastKnownFileType = text.xcconfig; name = "Pods-Food TrackTests.release.xcconfig"; path = "Target Support Files/Pods-Food TrackTests/Pods-Food TrackTests.release.xcconfig"; sourceTree = "<group>"; };
		5F15925E280D066E00AA0040 /* AddTruckViewController.swift */ = {isa = PBXFileReference; lastKnownFileType = sourcecode.swift; path = AddTruckViewController.swift; sourceTree = "<group>"; };
		5F4D77A6281745C2003C1A5A /* TruckFeedViewController.swift */ = {isa = PBXFileReference; lastKnownFileType = sourcecode.swift; path = TruckFeedViewController.swift; sourceTree = "<group>"; };
		5F4D77A82817461A003C1A5A /* truckPostCell.swift */ = {isa = PBXFileReference; lastKnownFileType = sourcecode.swift; path = truckPostCell.swift; sourceTree = "<group>"; };
		5F843B5227F3BA9F0002EA2B /* LoginViewController.swift */ = {isa = PBXFileReference; lastKnownFileType = sourcecode.swift; path = LoginViewController.swift; sourceTree = "<group>"; };
		5F843B5427F3BD0A0002EA2B /* SignUpViewController.swift */ = {isa = PBXFileReference; lastKnownFileType = sourcecode.swift; path = SignUpViewController.swift; sourceTree = "<group>"; };
		6D82C7D332C52D6E56AEC01D /* Pods-Food Track.release.xcconfig */ = {isa = PBXFileReference; includeInIndex = 1; lastKnownFileType = text.xcconfig; name = "Pods-Food Track.release.xcconfig"; path = "Target Support Files/Pods-Food Track/Pods-Food Track.release.xcconfig"; sourceTree = "<group>"; };
		7139354DEC85EEB4EFF61C4F /* Pods_Food_Track.framework */ = {isa = PBXFileReference; explicitFileType = wrapper.framework; includeInIndex = 0; path = Pods_Food_Track.framework; sourceTree = BUILT_PRODUCTS_DIR; };
		7C01F6C9C55FC807621A8325 /* Pods_Food_Track_Food_TrackUITests.framework */ = {isa = PBXFileReference; explicitFileType = wrapper.framework; includeInIndex = 0; path = Pods_Food_Track_Food_TrackUITests.framework; sourceTree = BUILT_PRODUCTS_DIR; };
		7E24D839DB2F6CF707FAEC72 /* Pods-Food TrackTests.debug.xcconfig */ = {isa = PBXFileReference; includeInIndex = 1; lastKnownFileType = text.xcconfig; name = "Pods-Food TrackTests.debug.xcconfig"; path = "Target Support Files/Pods-Food TrackTests/Pods-Food TrackTests.debug.xcconfig"; sourceTree = "<group>"; };
		93A7F2D3733C9C916793CBC4 /* Pods-Food Track-Food TrackUITests.debug.xcconfig */ = {isa = PBXFileReference; includeInIndex = 1; lastKnownFileType = text.xcconfig; name = "Pods-Food Track-Food TrackUITests.debug.xcconfig"; path = "Target Support Files/Pods-Food Track-Food TrackUITests/Pods-Food Track-Food TrackUITests.debug.xcconfig"; sourceTree = "<group>"; };
		AB689FF2876120D00E11A94F /* Pods-Food Track.debug.xcconfig */ = {isa = PBXFileReference; includeInIndex = 1; lastKnownFileType = text.xcconfig; name = "Pods-Food Track.debug.xcconfig"; path = "Target Support Files/Pods-Food Track/Pods-Food Track.debug.xcconfig"; sourceTree = "<group>"; };
/* End PBXFileReference section */

/* Begin PBXFrameworksBuildPhase section */
		4A747E1127F258EC00AA0495 /* Frameworks */ = {
			isa = PBXFrameworksBuildPhase;
			buildActionMask = 2147483647;
			files = (
				AF0F4C95FE5C8AF4A3CBEC20 /* Pods_Food_Track.framework in Frameworks */,
			);
			runOnlyForDeploymentPostprocessing = 0;
		};
		4A747E2727F258EF00AA0495 /* Frameworks */ = {
			isa = PBXFrameworksBuildPhase;
			buildActionMask = 2147483647;
			files = (
				CEA667300D8E2724521F4037 /* Pods_Food_TrackTests.framework in Frameworks */,
			);
			runOnlyForDeploymentPostprocessing = 0;
		};
		4A747E3127F258EF00AA0495 /* Frameworks */ = {
			isa = PBXFrameworksBuildPhase;
			buildActionMask = 2147483647;
			files = (
				33FA87C23A916990653EDBCE /* Pods_Food_Track_Food_TrackUITests.framework in Frameworks */,
			);
			runOnlyForDeploymentPostprocessing = 0;
		};
/* End PBXFrameworksBuildPhase section */

/* Begin PBXGroup section */
		4A747E0B27F258EC00AA0495 = {
			isa = PBXGroup;
			children = (
				4A747E1627F258EC00AA0495 /* Food Track */,
				4A747E2D27F258EF00AA0495 /* Food TrackTests */,
				4A747E3727F258EF00AA0495 /* Food TrackUITests */,
				4A747E1527F258EC00AA0495 /* Products */,
				93478D1A05750C5694067FF2 /* Pods */,
				7A186C7394A221417C07BD4B /* Frameworks */,
			);
			sourceTree = "<group>";
		};
		4A747E1527F258EC00AA0495 /* Products */ = {
			isa = PBXGroup;
			children = (
				4A747E1427F258EC00AA0495 /* Food Track.app */,
				4A747E2A27F258EF00AA0495 /* Food TrackTests.xctest */,
				4A747E3427F258EF00AA0495 /* Food TrackUITests.xctest */,
			);
			name = Products;
			sourceTree = "<group>";
		};
		4A747E1627F258EC00AA0495 /* Food Track */ = {
			isa = PBXGroup;
			children = (
				4A747E1727F258EC00AA0495 /* AppDelegate.swift */,
				4A747E1927F258EC00AA0495 /* SceneDelegate.swift */,
				4A747E1D27F258EC00AA0495 /* Main.storyboard */,
				5F4D77A6281745C2003C1A5A /* TruckFeedViewController.swift */,
				5F15925E280D066E00AA0040 /* AddTruckViewController.swift */,
				5F843B5427F3BD0A0002EA2B /* SignUpViewController.swift */,
				5F843B5227F3BA9F0002EA2B /* LoginViewController.swift */,
				4A747E2027F258EE00AA0495 /* Assets.xcassets */,
				4A747E2227F258EE00AA0495 /* LaunchScreen.storyboard */,
				4A747E2527F258EE00AA0495 /* Info.plist */,
				4AE65AEB280D497100709D7F /* ProfileViewController.swift */,
				5F4D77A82817461A003C1A5A /* truckPostCell.swift */,
			);
			path = "Food Track";
			sourceTree = "<group>";
		};
		4A747E2D27F258EF00AA0495 /* Food TrackTests */ = {
			isa = PBXGroup;
			children = (
				4A747E2E27F258EF00AA0495 /* Food_TrackTests.swift */,
			);
			path = "Food TrackTests";
			sourceTree = "<group>";
		};
		4A747E3727F258EF00AA0495 /* Food TrackUITests */ = {
			isa = PBXGroup;
			children = (
				4A747E3827F258EF00AA0495 /* Food_TrackUITests.swift */,
				4A747E3A27F258EF00AA0495 /* Food_TrackUITestsLaunchTests.swift */,
			);
			path = "Food TrackUITests";
			sourceTree = "<group>";
		};
		7A186C7394A221417C07BD4B /* Frameworks */ = {
			isa = PBXGroup;
			children = (
				7139354DEC85EEB4EFF61C4F /* Pods_Food_Track.framework */,
				7C01F6C9C55FC807621A8325 /* Pods_Food_Track_Food_TrackUITests.framework */,
				2D49C89644DFB0D6F779BE79 /* Pods_Food_TrackTests.framework */,
			);
			name = Frameworks;
			sourceTree = "<group>";
		};
		93478D1A05750C5694067FF2 /* Pods */ = {
			isa = PBXGroup;
			children = (
				AB689FF2876120D00E11A94F /* Pods-Food Track.debug.xcconfig */,
				6D82C7D332C52D6E56AEC01D /* Pods-Food Track.release.xcconfig */,
				93A7F2D3733C9C916793CBC4 /* Pods-Food Track-Food TrackUITests.debug.xcconfig */,
				3206EA5270A02D501CBEA78E /* Pods-Food Track-Food TrackUITests.release.xcconfig */,
				7E24D839DB2F6CF707FAEC72 /* Pods-Food TrackTests.debug.xcconfig */,
				5A90512F3FA48BEA4B5416A3 /* Pods-Food TrackTests.release.xcconfig */,
			);
			path = Pods;
			sourceTree = "<group>";
		};
/* End PBXGroup section */

/* Begin PBXNativeTarget section */
		4A747E1327F258EC00AA0495 /* Food Track */ = {
			isa = PBXNativeTarget;
			buildConfigurationList = 4A747E3E27F258EF00AA0495 /* Build configuration list for PBXNativeTarget "Food Track" */;
			buildPhases = (
				AF41E1F09BE903293136AEF6 /* [CP] Check Pods Manifest.lock */,
				4A747E1027F258EC00AA0495 /* Sources */,
				4A747E1127F258EC00AA0495 /* Frameworks */,
				4A747E1227F258EC00AA0495 /* Resources */,
				DCF23D064EF769E2E8FF94F9 /* [CP] Embed Pods Frameworks */,
			);
			buildRules = (
			);
			dependencies = (
			);
			name = "Food Track";
			productName = "Food Track";
			productReference = 4A747E1427F258EC00AA0495 /* Food Track.app */;
			productType = "com.apple.product-type.application";
		};
		4A747E2927F258EF00AA0495 /* Food TrackTests */ = {
			isa = PBXNativeTarget;
			buildConfigurationList = 4A747E4127F258EF00AA0495 /* Build configuration list for PBXNativeTarget "Food TrackTests" */;
			buildPhases = (
				23C38E61DDAFEFC516967055 /* [CP] Check Pods Manifest.lock */,
				4A747E2627F258EF00AA0495 /* Sources */,
				4A747E2727F258EF00AA0495 /* Frameworks */,
				4A747E2827F258EF00AA0495 /* Resources */,
			);
			buildRules = (
			);
			dependencies = (
				4A747E2C27F258EF00AA0495 /* PBXTargetDependency */,
			);
			name = "Food TrackTests";
			productName = "Food TrackTests";
			productReference = 4A747E2A27F258EF00AA0495 /* Food TrackTests.xctest */;
			productType = "com.apple.product-type.bundle.unit-test";
		};
		4A747E3327F258EF00AA0495 /* Food TrackUITests */ = {
			isa = PBXNativeTarget;
			buildConfigurationList = 4A747E4427F258EF00AA0495 /* Build configuration list for PBXNativeTarget "Food TrackUITests" */;
			buildPhases = (
				E316061984B264276CBE82DC /* [CP] Check Pods Manifest.lock */,
				4A747E3027F258EF00AA0495 /* Sources */,
				4A747E3127F258EF00AA0495 /* Frameworks */,
				4A747E3227F258EF00AA0495 /* Resources */,
				5B7277A60141B58EDD69CED6 /* [CP] Embed Pods Frameworks */,
			);
			buildRules = (
			);
			dependencies = (
				4A747E3627F258EF00AA0495 /* PBXTargetDependency */,
			);
			name = "Food TrackUITests";
			productName = "Food TrackUITests";
			productReference = 4A747E3427F258EF00AA0495 /* Food TrackUITests.xctest */;
			productType = "com.apple.product-type.bundle.ui-testing";
		};
/* End PBXNativeTarget section */

/* Begin PBXProject section */
		4A747E0C27F258EC00AA0495 /* Project object */ = {
			isa = PBXProject;
			attributes = {
				BuildIndependentTargetsInParallel = 1;
				LastSwiftUpdateCheck = 1320;
				LastUpgradeCheck = 1320;
				TargetAttributes = {
					4A747E1327F258EC00AA0495 = {
						CreatedOnToolsVersion = 13.2.1;
					};
					4A747E2927F258EF00AA0495 = {
						CreatedOnToolsVersion = 13.2.1;
						TestTargetID = 4A747E1327F258EC00AA0495;
					};
					4A747E3327F258EF00AA0495 = {
						CreatedOnToolsVersion = 13.2.1;
						TestTargetID = 4A747E1327F258EC00AA0495;
					};
				};
			};
			buildConfigurationList = 4A747E0F27F258EC00AA0495 /* Build configuration list for PBXProject "Food Track" */;
			compatibilityVersion = "Xcode 13.0";
			developmentRegion = en;
			hasScannedForEncodings = 0;
			knownRegions = (
				en,
				Base,
			);
			mainGroup = 4A747E0B27F258EC00AA0495;
			productRefGroup = 4A747E1527F258EC00AA0495 /* Products */;
			projectDirPath = "";
			projectRoot = "";
			targets = (
				4A747E1327F258EC00AA0495 /* Food Track */,
				4A747E2927F258EF00AA0495 /* Food TrackTests */,
				4A747E3327F258EF00AA0495 /* Food TrackUITests */,
			);
		};
/* End PBXProject section */

/* Begin PBXResourcesBuildPhase section */
		4A747E1227F258EC00AA0495 /* Resources */ = {
			isa = PBXResourcesBuildPhase;
			buildActionMask = 2147483647;
			files = (
				4A747E2427F258EE00AA0495 /* LaunchScreen.storyboard in Resources */,
				4A747E2127F258EE00AA0495 /* Assets.xcassets in Resources */,
				4A747E1F27F258EC00AA0495 /* Main.storyboard in Resources */,
			);
			runOnlyForDeploymentPostprocessing = 0;
		};
		4A747E2827F258EF00AA0495 /* Resources */ = {
			isa = PBXResourcesBuildPhase;
			buildActionMask = 2147483647;
			files = (
			);
			runOnlyForDeploymentPostprocessing = 0;
		};
		4A747E3227F258EF00AA0495 /* Resources */ = {
			isa = PBXResourcesBuildPhase;
			buildActionMask = 2147483647;
			files = (
			);
			runOnlyForDeploymentPostprocessing = 0;
		};
/* End PBXResourcesBuildPhase section */

/* Begin PBXShellScriptBuildPhase section */
		23C38E61DDAFEFC516967055 /* [CP] Check Pods Manifest.lock */ = {
			isa = PBXShellScriptBuildPhase;
			buildActionMask = 2147483647;
			files = (
			);
			inputFileListPaths = (
			);
			inputPaths = (
				"${PODS_PODFILE_DIR_PATH}/Podfile.lock",
				"${PODS_ROOT}/Manifest.lock",
			);
			name = "[CP] Check Pods Manifest.lock";
			outputFileListPaths = (
			);
			outputPaths = (
				"$(DERIVED_FILE_DIR)/Pods-Food TrackTests-checkManifestLockResult.txt",
			);
			runOnlyForDeploymentPostprocessing = 0;
			shellPath = /bin/sh;
			shellScript = "diff \"${PODS_PODFILE_DIR_PATH}/Podfile.lock\" \"${PODS_ROOT}/Manifest.lock\" > /dev/null\nif [ $? != 0 ] ; then\n    # print error to STDERR\n    echo \"error: The sandbox is not in sync with the Podfile.lock. Run 'pod install' or update your CocoaPods installation.\" >&2\n    exit 1\nfi\n# This output is used by Xcode 'outputs' to avoid re-running this script phase.\necho \"SUCCESS\" > \"${SCRIPT_OUTPUT_FILE_0}\"\n";
			showEnvVarsInLog = 0;
		};
		5B7277A60141B58EDD69CED6 /* [CP] Embed Pods Frameworks */ = {
			isa = PBXShellScriptBuildPhase;
			buildActionMask = 2147483647;
			files = (
			);
			inputFileListPaths = (
				"${PODS_ROOT}/Target Support Files/Pods-Food Track-Food TrackUITests/Pods-Food Track-Food TrackUITests-frameworks-${CONFIGURATION}-input-files.xcfilelist",
			);
			name = "[CP] Embed Pods Frameworks";
			outputFileListPaths = (
				"${PODS_ROOT}/Target Support Files/Pods-Food Track-Food TrackUITests/Pods-Food Track-Food TrackUITests-frameworks-${CONFIGURATION}-output-files.xcfilelist",
			);
			runOnlyForDeploymentPostprocessing = 0;
			shellPath = /bin/sh;
			shellScript = "\"${PODS_ROOT}/Target Support Files/Pods-Food Track-Food TrackUITests/Pods-Food Track-Food TrackUITests-frameworks.sh\"\n";
			showEnvVarsInLog = 0;
		};
		AF41E1F09BE903293136AEF6 /* [CP] Check Pods Manifest.lock */ = {
			isa = PBXShellScriptBuildPhase;
			buildActionMask = 2147483647;
			files = (
			);
			inputFileListPaths = (
			);
			inputPaths = (
				"${PODS_PODFILE_DIR_PATH}/Podfile.lock",
				"${PODS_ROOT}/Manifest.lock",
			);
			name = "[CP] Check Pods Manifest.lock";
			outputFileListPaths = (
			);
			outputPaths = (
				"$(DERIVED_FILE_DIR)/Pods-Food Track-checkManifestLockResult.txt",
			);
			runOnlyForDeploymentPostprocessing = 0;
			shellPath = /bin/sh;
			shellScript = "diff \"${PODS_PODFILE_DIR_PATH}/Podfile.lock\" \"${PODS_ROOT}/Manifest.lock\" > /dev/null\nif [ $? != 0 ] ; then\n    # print error to STDERR\n    echo \"error: The sandbox is not in sync with the Podfile.lock. Run 'pod install' or update your CocoaPods installation.\" >&2\n    exit 1\nfi\n# This output is used by Xcode 'outputs' to avoid re-running this script phase.\necho \"SUCCESS\" > \"${SCRIPT_OUTPUT_FILE_0}\"\n";
			showEnvVarsInLog = 0;
		};
		DCF23D064EF769E2E8FF94F9 /* [CP] Embed Pods Frameworks */ = {
			isa = PBXShellScriptBuildPhase;
			buildActionMask = 2147483647;
			files = (
			);
			inputFileListPaths = (
				"${PODS_ROOT}/Target Support Files/Pods-Food Track/Pods-Food Track-frameworks-${CONFIGURATION}-input-files.xcfilelist",
			);
			name = "[CP] Embed Pods Frameworks";
			outputFileListPaths = (
				"${PODS_ROOT}/Target Support Files/Pods-Food Track/Pods-Food Track-frameworks-${CONFIGURATION}-output-files.xcfilelist",
			);
			runOnlyForDeploymentPostprocessing = 0;
			shellPath = /bin/sh;
			shellScript = "\"${PODS_ROOT}/Target Support Files/Pods-Food Track/Pods-Food Track-frameworks.sh\"\n";
			showEnvVarsInLog = 0;
		};
		E316061984B264276CBE82DC /* [CP] Check Pods Manifest.lock */ = {
			isa = PBXShellScriptBuildPhase;
			buildActionMask = 2147483647;
			files = (
			);
			inputFileListPaths = (
			);
			inputPaths = (
				"${PODS_PODFILE_DIR_PATH}/Podfile.lock",
				"${PODS_ROOT}/Manifest.lock",
			);
			name = "[CP] Check Pods Manifest.lock";
			outputFileListPaths = (
			);
			outputPaths = (
				"$(DERIVED_FILE_DIR)/Pods-Food Track-Food TrackUITests-checkManifestLockResult.txt",
			);
			runOnlyForDeploymentPostprocessing = 0;
			shellPath = /bin/sh;
			shellScript = "diff \"${PODS_PODFILE_DIR_PATH}/Podfile.lock\" \"${PODS_ROOT}/Manifest.lock\" > /dev/null\nif [ $? != 0 ] ; then\n    # print error to STDERR\n    echo \"error: The sandbox is not in sync with the Podfile.lock. Run 'pod install' or update your CocoaPods installation.\" >&2\n    exit 1\nfi\n# This output is used by Xcode 'outputs' to avoid re-running this script phase.\necho \"SUCCESS\" > \"${SCRIPT_OUTPUT_FILE_0}\"\n";
			showEnvVarsInLog = 0;
		};
/* End PBXShellScriptBuildPhase section */

/* Begin PBXSourcesBuildPhase section */
		4A747E1027F258EC00AA0495 /* Sources */ = {
			isa = PBXSourcesBuildPhase;
			buildActionMask = 2147483647;
			files = (
				4AE65AEC280D497100709D7F /* ProfileViewController.swift in Sources */,
				5F843B5327F3BA9F0002EA2B /* LoginViewController.swift in Sources */,
				4A747E1827F258EC00AA0495 /* AppDelegate.swift in Sources */,
				5F843B5527F3BD0A0002EA2B /* SignUpViewController.swift in Sources */,
				5F15925F280D066E00AA0040 /* AddTruckViewController.swift in Sources */,
				5F4D77A92817461A003C1A5A /* truckPostCell.swift in Sources */,
				4A747E1A27F258EC00AA0495 /* SceneDelegate.swift in Sources */,
				5F4D77A7281745C2003C1A5A /* TruckFeedViewController.swift in Sources */,
			);
			runOnlyForDeploymentPostprocessing = 0;
		};
		4A747E2627F258EF00AA0495 /* Sources */ = {
			isa = PBXSourcesBuildPhase;
			buildActionMask = 2147483647;
			files = (
				4A747E2F27F258EF00AA0495 /* Food_TrackTests.swift in Sources */,
			);
			runOnlyForDeploymentPostprocessing = 0;
		};
		4A747E3027F258EF00AA0495 /* Sources */ = {
			isa = PBXSourcesBuildPhase;
			buildActionMask = 2147483647;
			files = (
				4A747E3B27F258EF00AA0495 /* Food_TrackUITestsLaunchTests.swift in Sources */,
				4A747E3927F258EF00AA0495 /* Food_TrackUITests.swift in Sources */,
			);
			runOnlyForDeploymentPostprocessing = 0;
		};
/* End PBXSourcesBuildPhase section */

/* Begin PBXTargetDependency section */
		4A747E2C27F258EF00AA0495 /* PBXTargetDependency */ = {
			isa = PBXTargetDependency;
			target = 4A747E1327F258EC00AA0495 /* Food Track */;
			targetProxy = 4A747E2B27F258EF00AA0495 /* PBXContainerItemProxy */;
		};
		4A747E3627F258EF00AA0495 /* PBXTargetDependency */ = {
			isa = PBXTargetDependency;
			target = 4A747E1327F258EC00AA0495 /* Food Track */;
			targetProxy = 4A747E3527F258EF00AA0495 /* PBXContainerItemProxy */;
		};
/* End PBXTargetDependency section */

/* Begin PBXVariantGroup section */
		4A747E1D27F258EC00AA0495 /* Main.storyboard */ = {
			isa = PBXVariantGroup;
			children = (
				4A747E1E27F258EC00AA0495 /* Base */,
			);
			name = Main.storyboard;
			sourceTree = "<group>";
		};
		4A747E2227F258EE00AA0495 /* LaunchScreen.storyboard */ = {
			isa = PBXVariantGroup;
			children = (
				4A747E2327F258EE00AA0495 /* Base */,
			);
			name = LaunchScreen.storyboard;
			sourceTree = "<group>";
		};
/* End PBXVariantGroup section */

/* Begin XCBuildConfiguration section */
		4A747E3C27F258EF00AA0495 /* Debug */ = {
			isa = XCBuildConfiguration;
			buildSettings = {
				ALWAYS_SEARCH_USER_PATHS = NO;
				CLANG_ANALYZER_NONNULL = YES;
				CLANG_ANALYZER_NUMBER_OBJECT_CONVERSION = YES_AGGRESSIVE;
				CLANG_CXX_LANGUAGE_STANDARD = "gnu++17";
				CLANG_CXX_LIBRARY = "libc++";
				CLANG_ENABLE_MODULES = YES;
				CLANG_ENABLE_OBJC_ARC = YES;
				CLANG_ENABLE_OBJC_WEAK = YES;
				CLANG_WARN_BLOCK_CAPTURE_AUTORELEASING = YES;
				CLANG_WARN_BOOL_CONVERSION = YES;
				CLANG_WARN_COMMA = YES;
				CLANG_WARN_CONSTANT_CONVERSION = YES;
				CLANG_WARN_DEPRECATED_OBJC_IMPLEMENTATIONS = YES;
				CLANG_WARN_DIRECT_OBJC_ISA_USAGE = YES_ERROR;
				CLANG_WARN_DOCUMENTATION_COMMENTS = YES;
				CLANG_WARN_EMPTY_BODY = YES;
				CLANG_WARN_ENUM_CONVERSION = YES;
				CLANG_WARN_INFINITE_RECURSION = YES;
				CLANG_WARN_INT_CONVERSION = YES;
				CLANG_WARN_NON_LITERAL_NULL_CONVERSION = YES;
				CLANG_WARN_OBJC_IMPLICIT_RETAIN_SELF = YES;
				CLANG_WARN_OBJC_LITERAL_CONVERSION = YES;
				CLANG_WARN_OBJC_ROOT_CLASS = YES_ERROR;
				CLANG_WARN_QUOTED_INCLUDE_IN_FRAMEWORK_HEADER = YES;
				CLANG_WARN_RANGE_LOOP_ANALYSIS = YES;
				CLANG_WARN_STRICT_PROTOTYPES = YES;
				CLANG_WARN_SUSPICIOUS_MOVE = YES;
				CLANG_WARN_UNGUARDED_AVAILABILITY = YES_AGGRESSIVE;
				CLANG_WARN_UNREACHABLE_CODE = YES;
				CLANG_WARN__DUPLICATE_METHOD_MATCH = YES;
				COPY_PHASE_STRIP = NO;
				DEBUG_INFORMATION_FORMAT = dwarf;
				ENABLE_STRICT_OBJC_MSGSEND = YES;
				ENABLE_TESTABILITY = YES;
				GCC_C_LANGUAGE_STANDARD = gnu11;
				GCC_DYNAMIC_NO_PIC = NO;
				GCC_NO_COMMON_BLOCKS = YES;
				GCC_OPTIMIZATION_LEVEL = 0;
				GCC_PREPROCESSOR_DEFINITIONS = (
					"DEBUG=1",
					"$(inherited)",
				);
				GCC_WARN_64_TO_32_BIT_CONVERSION = YES;
				GCC_WARN_ABOUT_RETURN_TYPE = YES_ERROR;
				GCC_WARN_UNDECLARED_SELECTOR = YES;
				GCC_WARN_UNINITIALIZED_AUTOS = YES_AGGRESSIVE;
				GCC_WARN_UNUSED_FUNCTION = YES;
				GCC_WARN_UNUSED_VARIABLE = YES;
				IPHONEOS_DEPLOYMENT_TARGET = 15.2;
				MTL_ENABLE_DEBUG_INFO = INCLUDE_SOURCE;
				MTL_FAST_MATH = YES;
				ONLY_ACTIVE_ARCH = YES;
				SDKROOT = iphoneos;
				SWIFT_ACTIVE_COMPILATION_CONDITIONS = DEBUG;
				SWIFT_OPTIMIZATION_LEVEL = "-Onone";
			};
			name = Debug;
		};
		4A747E3D27F258EF00AA0495 /* Release */ = {
			isa = XCBuildConfiguration;
			buildSettings = {
				ALWAYS_SEARCH_USER_PATHS = NO;
				CLANG_ANALYZER_NONNULL = YES;
				CLANG_ANALYZER_NUMBER_OBJECT_CONVERSION = YES_AGGRESSIVE;
				CLANG_CXX_LANGUAGE_STANDARD = "gnu++17";
				CLANG_CXX_LIBRARY = "libc++";
				CLANG_ENABLE_MODULES = YES;
				CLANG_ENABLE_OBJC_ARC = YES;
				CLANG_ENABLE_OBJC_WEAK = YES;
				CLANG_WARN_BLOCK_CAPTURE_AUTORELEASING = YES;
				CLANG_WARN_BOOL_CONVERSION = YES;
				CLANG_WARN_COMMA = YES;
				CLANG_WARN_CONSTANT_CONVERSION = YES;
				CLANG_WARN_DEPRECATED_OBJC_IMPLEMENTATIONS = YES;
				CLANG_WARN_DIRECT_OBJC_ISA_USAGE = YES_ERROR;
				CLANG_WARN_DOCUMENTATION_COMMENTS = YES;
				CLANG_WARN_EMPTY_BODY = YES;
				CLANG_WARN_ENUM_CONVERSION = YES;
				CLANG_WARN_INFINITE_RECURSION = YES;
				CLANG_WARN_INT_CONVERSION = YES;
				CLANG_WARN_NON_LITERAL_NULL_CONVERSION = YES;
				CLANG_WARN_OBJC_IMPLICIT_RETAIN_SELF = YES;
				CLANG_WARN_OBJC_LITERAL_CONVERSION = YES;
				CLANG_WARN_OBJC_ROOT_CLASS = YES_ERROR;
				CLANG_WARN_QUOTED_INCLUDE_IN_FRAMEWORK_HEADER = YES;
				CLANG_WARN_RANGE_LOOP_ANALYSIS = YES;
				CLANG_WARN_STRICT_PROTOTYPES = YES;
				CLANG_WARN_SUSPICIOUS_MOVE = YES;
				CLANG_WARN_UNGUARDED_AVAILABILITY = YES_AGGRESSIVE;
				CLANG_WARN_UNREACHABLE_CODE = YES;
				CLANG_WARN__DUPLICATE_METHOD_MATCH = YES;
				COPY_PHASE_STRIP = NO;
				DEBUG_INFORMATION_FORMAT = "dwarf-with-dsym";
				ENABLE_NS_ASSERTIONS = NO;
				ENABLE_STRICT_OBJC_MSGSEND = YES;
				GCC_C_LANGUAGE_STANDARD = gnu11;
				GCC_NO_COMMON_BLOCKS = YES;
				GCC_WARN_64_TO_32_BIT_CONVERSION = YES;
				GCC_WARN_ABOUT_RETURN_TYPE = YES_ERROR;
				GCC_WARN_UNDECLARED_SELECTOR = YES;
				GCC_WARN_UNINITIALIZED_AUTOS = YES_AGGRESSIVE;
				GCC_WARN_UNUSED_FUNCTION = YES;
				GCC_WARN_UNUSED_VARIABLE = YES;
				IPHONEOS_DEPLOYMENT_TARGET = 15.2;
				MTL_ENABLE_DEBUG_INFO = NO;
				MTL_FAST_MATH = YES;
				SDKROOT = iphoneos;
				SWIFT_COMPILATION_MODE = wholemodule;
				SWIFT_OPTIMIZATION_LEVEL = "-O";
				VALIDATE_PRODUCT = YES;
			};
			name = Release;
		};
		4A747E3F27F258EF00AA0495 /* Debug */ = {
			isa = XCBuildConfiguration;
			baseConfigurationReference = AB689FF2876120D00E11A94F /* Pods-Food Track.debug.xcconfig */;
			buildSettings = {
				ASSETCATALOG_COMPILER_APPICON_NAME = AppIcon;
				ASSETCATALOG_COMPILER_GLOBAL_ACCENT_COLOR_NAME = AccentColor;
				CODE_SIGN_STYLE = Automatic;
				CURRENT_PROJECT_VERSION = 1;
				DEVELOPMENT_TEAM = 6V79VU92HC;
				GENERATE_INFOPLIST_FILE = YES;
				INFOPLIST_FILE = "Food Track/Info.plist";
				INFOPLIST_KEY_UIApplicationSupportsIndirectInputEvents = YES;
				INFOPLIST_KEY_UILaunchStoryboardName = LaunchScreen;
				INFOPLIST_KEY_UIMainStoryboardFile = Main;
				INFOPLIST_KEY_UISupportedInterfaceOrientations_iPad = "UIInterfaceOrientationPortrait UIInterfaceOrientationPortraitUpsideDown UIInterfaceOrientationLandscapeLeft UIInterfaceOrientationLandscapeRight";
				INFOPLIST_KEY_UISupportedInterfaceOrientations_iPhone = "UIInterfaceOrientationPortrait UIInterfaceOrientationLandscapeLeft UIInterfaceOrientationLandscapeRight";
				LD_RUNPATH_SEARCH_PATHS = (
					"$(inherited)",
					"@executable_path/Frameworks",
				);
				MARKETING_VERSION = 1.0;
				PRODUCT_BUNDLE_IDENTIFIER = "com.rodrigo.Food-Track";
				PRODUCT_NAME = "$(TARGET_NAME)";
				SWIFT_EMIT_LOC_STRINGS = YES;
				SWIFT_VERSION = 5.0;
				TARGETED_DEVICE_FAMILY = "1,2";
			};
			name = Debug;
		};
		4A747E4027F258EF00AA0495 /* Release */ = {
			isa = XCBuildConfiguration;
			baseConfigurationReference = 6D82C7D332C52D6E56AEC01D /* Pods-Food Track.release.xcconfig */;
			buildSettings = {
				ASSETCATALOG_COMPILER_APPICON_NAME = AppIcon;
				ASSETCATALOG_COMPILER_GLOBAL_ACCENT_COLOR_NAME = AccentColor;
				CODE_SIGN_STYLE = Automatic;
				CURRENT_PROJECT_VERSION = 1;
				DEVELOPMENT_TEAM = 6V79VU92HC;
				GENERATE_INFOPLIST_FILE = YES;
				INFOPLIST_FILE = "Food Track/Info.plist";
				INFOPLIST_KEY_UIApplicationSupportsIndirectInputEvents = YES;
				INFOPLIST_KEY_UILaunchStoryboardName = LaunchScreen;
				INFOPLIST_KEY_UIMainStoryboardFile = Main;
				INFOPLIST_KEY_UISupportedInterfaceOrientations_iPad = "UIInterfaceOrientationPortrait UIInterfaceOrientationPortraitUpsideDown UIInterfaceOrientationLandscapeLeft UIInterfaceOrientationLandscapeRight";
				INFOPLIST_KEY_UISupportedInterfaceOrientations_iPhone = "UIInterfaceOrientationPortrait UIInterfaceOrientationLandscapeLeft UIInterfaceOrientationLandscapeRight";
				LD_RUNPATH_SEARCH_PATHS = (
					"$(inherited)",
					"@executable_path/Frameworks",
				);
				MARKETING_VERSION = 1.0;
				PRODUCT_BUNDLE_IDENTIFIER = "com.rodrigo.Food-Track";
				PRODUCT_NAME = "$(TARGET_NAME)";
				SWIFT_EMIT_LOC_STRINGS = YES;
				SWIFT_VERSION = 5.0;
				TARGETED_DEVICE_FAMILY = "1,2";
			};
			name = Release;
		};
		4A747E4227F258EF00AA0495 /* Debug */ = {
			isa = XCBuildConfiguration;
			baseConfigurationReference = 7E24D839DB2F6CF707FAEC72 /* Pods-Food TrackTests.debug.xcconfig */;
			buildSettings = {
				ALWAYS_EMBED_SWIFT_STANDARD_LIBRARIES = YES;
				BUNDLE_LOADER = "$(TEST_HOST)";
				CODE_SIGN_STYLE = Automatic;
				CURRENT_PROJECT_VERSION = 1;
				DEVELOPMENT_TEAM = 6V79VU92HC;
				GENERATE_INFOPLIST_FILE = YES;
				IPHONEOS_DEPLOYMENT_TARGET = 15.2;
				MARKETING_VERSION = 1.0;
				PRODUCT_BUNDLE_IDENTIFIER = "com.rodrigo.Food-TrackTests";
				PRODUCT_NAME = "$(TARGET_NAME)";
				SWIFT_EMIT_LOC_STRINGS = NO;
				SWIFT_VERSION = 5.0;
				TARGETED_DEVICE_FAMILY = "1,2";
				TEST_HOST = "$(BUILT_PRODUCTS_DIR)/Food Track.app/Food Track";
			};
			name = Debug;
		};
		4A747E4327F258EF00AA0495 /* Release */ = {
			isa = XCBuildConfiguration;
			baseConfigurationReference = 5A90512F3FA48BEA4B5416A3 /* Pods-Food TrackTests.release.xcconfig */;
			buildSettings = {
				ALWAYS_EMBED_SWIFT_STANDARD_LIBRARIES = YES;
				BUNDLE_LOADER = "$(TEST_HOST)";
				CODE_SIGN_STYLE = Automatic;
				CURRENT_PROJECT_VERSION = 1;
				DEVELOPMENT_TEAM = 6V79VU92HC;
				GENERATE_INFOPLIST_FILE = YES;
				IPHONEOS_DEPLOYMENT_TARGET = 15.2;
				MARKETING_VERSION = 1.0;
				PRODUCT_BUNDLE_IDENTIFIER = "com.rodrigo.Food-TrackTests";
				PRODUCT_NAME = "$(TARGET_NAME)";
				SWIFT_EMIT_LOC_STRINGS = NO;
				SWIFT_VERSION = 5.0;
				TARGETED_DEVICE_FAMILY = "1,2";
				TEST_HOST = "$(BUILT_PRODUCTS_DIR)/Food Track.app/Food Track";
			};
			name = Release;
		};
		4A747E4527F258EF00AA0495 /* Debug */ = {
			isa = XCBuildConfiguration;
			baseConfigurationReference = 93A7F2D3733C9C916793CBC4 /* Pods-Food Track-Food TrackUITests.debug.xcconfig */;
			buildSettings = {
				ALWAYS_EMBED_SWIFT_STANDARD_LIBRARIES = YES;
				CODE_SIGN_STYLE = Automatic;
				CURRENT_PROJECT_VERSION = 1;
				DEVELOPMENT_TEAM = 6V79VU92HC;
				GENERATE_INFOPLIST_FILE = YES;
				MARKETING_VERSION = 1.0;
				PRODUCT_BUNDLE_IDENTIFIER = "com.rodrigo.Food-TrackUITests";
				PRODUCT_NAME = "$(TARGET_NAME)";
				SWIFT_EMIT_LOC_STRINGS = NO;
				SWIFT_VERSION = 5.0;
				TARGETED_DEVICE_FAMILY = "1,2";
				TEST_TARGET_NAME = "Food Track";
			};
			name = Debug;
		};
		4A747E4627F258EF00AA0495 /* Release */ = {
			isa = XCBuildConfiguration;
			baseConfigurationReference = 3206EA5270A02D501CBEA78E /* Pods-Food Track-Food TrackUITests.release.xcconfig */;
			buildSettings = {
				ALWAYS_EMBED_SWIFT_STANDARD_LIBRARIES = YES;
				CODE_SIGN_STYLE = Automatic;
				CURRENT_PROJECT_VERSION = 1;
				DEVELOPMENT_TEAM = 6V79VU92HC;
				GENERATE_INFOPLIST_FILE = YES;
				MARKETING_VERSION = 1.0;
				PRODUCT_BUNDLE_IDENTIFIER = "com.rodrigo.Food-TrackUITests";
				PRODUCT_NAME = "$(TARGET_NAME)";
				SWIFT_EMIT_LOC_STRINGS = NO;
				SWIFT_VERSION = 5.0;
				TARGETED_DEVICE_FAMILY = "1,2";
				TEST_TARGET_NAME = "Food Track";
			};
			name = Release;
		};
/* End XCBuildConfiguration section */

/* Begin XCConfigurationList section */
		4A747E0F27F258EC00AA0495 /* Build configuration list for PBXProject "Food Track" */ = {
			isa = XCConfigurationList;
			buildConfigurations = (
				4A747E3C27F258EF00AA0495 /* Debug */,
				4A747E3D27F258EF00AA0495 /* Release */,
			);
			defaultConfigurationIsVisible = 0;
			defaultConfigurationName = Release;
		};
		4A747E3E27F258EF00AA0495 /* Build configuration list for PBXNativeTarget "Food Track" */ = {
			isa = XCConfigurationList;
			buildConfigurations = (
				4A747E3F27F258EF00AA0495 /* Debug */,
				4A747E4027F258EF00AA0495 /* Release */,
			);
			defaultConfigurationIsVisible = 0;
			defaultConfigurationName = Release;
		};
		4A747E4127F258EF00AA0495 /* Build configuration list for PBXNativeTarget "Food TrackTests" */ = {
			isa = XCConfigurationList;
			buildConfigurations = (
				4A747E4227F258EF00AA0495 /* Debug */,
				4A747E4327F258EF00AA0495 /* Release */,
			);
			defaultConfigurationIsVisible = 0;
			defaultConfigurationName = Release;
		};
		4A747E4427F258EF00AA0495 /* Build configuration list for PBXNativeTarget "Food TrackUITests" */ = {
			isa = XCConfigurationList;
			buildConfigurations = (
				4A747E4527F258EF00AA0495 /* Debug */,
				4A747E4627F258EF00AA0495 /* Release */,
			);
			defaultConfigurationIsVisible = 0;
			defaultConfigurationName = Release;
		};
/* End XCConfigurationList section */
	};
	rootObject = 4A747E0C27F258EC00AA0495 /* Project object */;
}
